<?xml version="1.0" encoding="utf-8"?>
<Project ToolsVersion="4.0" xmlns="http://schemas.microsoft.com/developer/msbuild/2003">
  <ItemGroup>
    <Filter Include="Source Files">
      <UniqueIdentifier>{4FC737F1-C7A5-4376-A066-2A32D752A2FF}</UniqueIdentifier>
      <Extensions>cpp;c;cc;cxx;c++;cppm;ixx;def;odl;idl;hpj;bat;asm;asmx</Extensions>
    </Filter>
    <Filter Include="Header Files">
      <UniqueIdentifier>{93995380-89BD-4b04-88EB-625FBE52EBFB}</UniqueIdentifier>
      <Extensions>h;hh;hpp;hxx;h++;hm;inl;inc;ipp;xsd</Extensions>
    </Filter>
    <Filter Include="Resource Files">
      <UniqueIdentifier>{67DA6AB6-F800-4c08-8B7A-83BB121AAD01}</UniqueIdentifier>
      <Extensions>rc;ico;cur;bmp;dlg;rc2;rct;bin;rgs;gif;jpg;jpeg;jpe;resx;tiff;tif;png;wav;mfcribbon-ms</Extensions>
    </Filter>
    <Filter Include="Source Files\Models">
      <UniqueIdentifier>{c000b565-0d67-4f90-b72e-d0b246590a21}</UniqueIdentifier>
    </Filter>
    <Filter Include="Header Files\Models">
      <UniqueIdentifier>{3c5e1b51-8fc3-43d3-8aa5-1c212710e71f}</UniqueIdentifier>
    </Filter>
    <Filter Include="Header Files\Transformations">
      <UniqueIdentifier>{e82fbeed-b124-4df9-81ab-d91bd2f42f0a}</UniqueIdentifier>
    </Filter>
    <Filter Include="Header Files\Scene">
      <UniqueIdentifier>{f6c8ce6e-5550-4e43-a2a0-a7ecdfbf7a64}</UniqueIdentifier>
    </Filter>
    <Filter Include="Header Files\Light">
      <UniqueIdentifier>{a47cc540-a70b-4316-957c-47f25e952783}</UniqueIdentifier>
    </Filter>
    <Filter Include="Source Files\Transformations">
      <UniqueIdentifier>{847b725c-048b-4913-87fc-6348efcf8183}</UniqueIdentifier>
    </Filter>
    <Filter Include="Source Files\Scene">
      <UniqueIdentifier>{235b2ae8-f404-4079-9d43-a4c99140df3c}</UniqueIdentifier>
    </Filter>
    <Filter Include="Source Files\Light">
      <UniqueIdentifier>{9dfaf5d3-814f-4a17-81df-9ea2fdc55535}</UniqueIdentifier>
    </Filter>
    <Filter Include="Header Files\Shader">
      <UniqueIdentifier>{59d500be-5aeb-4901-93d3-349635bf6f3f}</UniqueIdentifier>
    </Filter>
    <Filter Include="Source Files\Shader">
      <UniqueIdentifier>{3d3e8b43-1648-4cc8-bdec-137640b8dafa}</UniqueIdentifier>
    </Filter>
    <Filter Include="Resource Files\Shaders">
      <UniqueIdentifier>{59571f8c-dd3a-49f8-b57b-09b50093d0b0}</UniqueIdentifier>
    </Filter>
    <Filter Include="Resource Files\Shaders\Vertex">
      <UniqueIdentifier>{fc76b972-a324-4518-b076-64740eba9987}</UniqueIdentifier>
    </Filter>
    <Filter Include="Resource Files\Shaders\Fragment">
      <UniqueIdentifier>{e704ee50-aa62-499a-98bd-96807077ab7f}</UniqueIdentifier>
    </Filter>
  </ItemGroup>
  <ItemGroup>
    <ClCompile Include="zpg.cpp">
      <Filter>Source Files</Filter>
    </ClCompile>
    <ClCompile Include="Triangle.cpp">
      <Filter>Source Files\Models</Filter>
    </ClCompile>
    <ClCompile Include="Model.cpp">
      <Filter>Source Files\Models</Filter>
    </ClCompile>
    <ClCompile Include="Application.cpp">
      <Filter>Source Files</Filter>
    </ClCompile>
    <ClCompile Include="Square.cpp">
      <Filter>Source Files\Models</Filter>
    </ClCompile>
    <ClCompile Include="Sphere.cpp">
      <Filter>Source Files\Models</Filter>
    </ClCompile>
    <ClCompile Include="Tree.cpp">
      <Filter>Source Files\Models</Filter>
    </ClCompile>
    <ClCompile Include="Camera.cpp">
      <Filter>Source Files</Filter>
    </ClCompile>
    <ClCompile Include="InputManager.cpp">
      <Filter>Source Files</Filter>
    </ClCompile>
    <ClCompile Include="InputController.cpp">
      <Filter>Source Files</Filter>
    </ClCompile>
    <ClCompile Include="DrawableObject.cpp">
      <Filter>Source Files\Models</Filter>
    </ClCompile>
    <ClCompile Include="CompositeTransformation.cpp">
      <Filter>Source Files\Transformations</Filter>
    </ClCompile>
    <ClCompile Include="ITransformation.cpp">
      <Filter>Source Files\Transformations</Filter>
    </ClCompile>
    <ClCompile Include="Transformation.cpp">
      <Filter>Source Files\Transformations</Filter>
    </ClCompile>
    <ClCompile Include="ContinuousRotation.cpp">
      <Filter>Source Files\Transformations</Filter>
    </ClCompile>
    <ClCompile Include="Light.cpp">
      <Filter>Source Files\Light</Filter>
    </ClCompile>
    <ClCompile Include="ObjectFactory.cpp">
      <Filter>Source Files\Models</Filter>
    </ClCompile>
    <ClCompile Include="Rotation.cpp">
      <Filter>Source Files\Transformations</Filter>
    </ClCompile>
    <ClCompile Include="Scale.cpp">
      <Filter>Source Files\Transformations</Filter>
    </ClCompile>
    <ClCompile Include="Scene.cpp">
      <Filter>Source Files\Scene</Filter>
    </ClCompile>
    <ClCompile Include="SceneBuilder.cpp">
      <Filter>Source Files\Scene</Filter>
    </ClCompile>
    <ClCompile Include="SceneManager.cpp">
      <Filter>Source Files\Scene</Filter>
    </ClCompile>
    <ClCompile Include="Translation.cpp">
      <Filter>Source Files\Transformations</Filter>
    </ClCompile>
    <ClCompile Include="PhongShader.cpp">
      <Filter>Source Files\Shader</Filter>
    </ClCompile>
    <ClCompile Include="Shader.cpp">
      <Filter>Source Files\Shader</Filter>
    </ClCompile>
    <ClCompile Include="ShaderProgram.cpp">
      <Filter>Source Files\Shader</Filter>
    </ClCompile>
    <ClCompile Include="ConstantShader.cpp">
      <Filter>Source Files\Shader</Filter>
    </ClCompile>
    <ClCompile Include="PointLight.cpp">
      <Filter>Source Files\Light</Filter>
    </ClCompile>
    <ClCompile Include="Ground.cpp">
      <Filter>Source Files\Models</Filter>
    </ClCompile>
    <ClCompile Include="LambertShader.cpp">
      <Filter>Source Files\Shader</Filter>
    </ClCompile>
    <ClCompile Include="Bush.cpp">
      <Filter>Source Files\Models</Filter>
    </ClCompile>
    <ClCompile Include="BlinnShader.cpp">
      <Filter>Source Files\Shader</Filter>
    </ClCompile>
    <ClCompile Include="Suzi_smooth.cpp">
      <Filter>Source Files\Models</Filter>
    </ClCompile>
    <ClCompile Include="FlashLight.cpp">
      <Filter>Source Files</Filter>
    </ClCompile>
  </ItemGroup>
  <ItemGroup>
    <ClInclude Include="Triangle.h">
      <Filter>Header Files\Models</Filter>
    </ClInclude>
    <ClInclude Include="Model.h">
      <Filter>Header Files\Models</Filter>
    </ClInclude>
    <ClInclude Include="Application.h">
      <Filter>Header Files</Filter>
    </ClInclude>
    <ClInclude Include="Square.h">
      <Filter>Header Files\Models</Filter>
    </ClInclude>
    <ClInclude Include="Sphere.h">
      <Filter>Header Files\Models</Filter>
    </ClInclude>
    <ClInclude Include="Tree.h">
      <Filter>Header Files\Models</Filter>
    </ClInclude>
    <ClInclude Include="CompositeTransformation.h">
      <Filter>Header Files\Transformations</Filter>
    </ClInclude>
    <ClInclude Include="ContinuousRotation.h">
      <Filter>Header Files\Transformations</Filter>
    </ClInclude>
    <ClInclude Include="Rotation.h">
      <Filter>Header Files\Transformations</Filter>
    </ClInclude>
    <ClInclude Include="Scale.h">
      <Filter>Header Files\Transformations</Filter>
    </ClInclude>
    <ClInclude Include="Transformation.h">
      <Filter>Header Files\Transformations</Filter>
    </ClInclude>
    <ClInclude Include="Translation.h">
      <Filter>Header Files\Transformations</Filter>
    </ClInclude>
    <ClInclude Include="DrawableObject.h">
      <Filter>Header Files\Models</Filter>
    </ClInclude>
    <ClInclude Include="ObjectFactory.h">
      <Filter>Header Files\Models</Filter>
    </ClInclude>
    <ClInclude Include="ITransformation.h">
      <Filter>Header Files\Transformations</Filter>
    </ClInclude>
    <ClInclude Include="Scene.h">
      <Filter>Header Files\Scene</Filter>
    </ClInclude>
    <ClInclude Include="SceneBuilder.h">
      <Filter>Header Files\Scene</Filter>
    </ClInclude>
    <ClInclude Include="SceneManager.h">
      <Filter>Header Files\Scene</Filter>
    </ClInclude>
    <ClInclude Include="Camera.h">
      <Filter>Header Files</Filter>
    </ClInclude>
    <ClInclude Include="InputManager.h">
      <Filter>Header Files</Filter>
    </ClInclude>
    <ClInclude Include="InputController.h">
      <Filter>Header Files</Filter>
    </ClInclude>
    <ClInclude Include="Light.h">
      <Filter>Header Files\Light</Filter>
    </ClInclude>
    <ClInclude Include="Shader.h">
      <Filter>Header Files\Shader</Filter>
    </ClInclude>
    <ClInclude Include="ShaderProgram.h">
      <Filter>Header Files\Shader</Filter>
    </ClInclude>
    <ClInclude Include="ConstantShader.h">
      <Filter>Header Files\Shader</Filter>
    </ClInclude>
    <ClInclude Include="PhongShader.h">
      <Filter>Header Files\Shader</Filter>
    </ClInclude>
    <ClInclude Include="PointLight.h">
      <Filter>Header Files\Light</Filter>
    </ClInclude>
    <ClInclude Include="Ground.h">
      <Filter>Header Files\Models</Filter>
    </ClInclude>
    <ClInclude Include="LambertShader.h">
      <Filter>Header Files\Shader</Filter>
    </ClInclude>
    <ClInclude Include="Bush.h">
      <Filter>Header Files\Models</Filter>
    </ClInclude>
    <ClInclude Include="BlinnShader.h">
      <Filter>Header Files\Shader</Filter>
    </ClInclude>
    <ClInclude Include="Suzi_smooth.h">
      <Filter>Header Files\Models</Filter>
    </ClInclude>
    <ClInclude Include="IResizeObserver.h">
      <Filter>Header Files</Filter>
    </ClInclude>
    <ClInclude Include="IResizeSubject.h">
      <Filter>Header Files</Filter>
    </ClInclude>
    <ClInclude Include="FlashLight.h">
      <Filter>Header Files</Filter>
    </ClInclude>
  </ItemGroup>
  <ItemGroup>
    <None Include="ConstantShader.frag">
      <Filter>Resource Files\Shaders\Fragment</Filter>
    </None>
    <None Include="ConstantShader.vert">
      <Filter>Resource Files\Shaders\Vertex</Filter>
    </None>
    <None Include="LambertShader.frag">
      <Filter>Resource Files\Shaders\Fragment</Filter>
    </None>
    <None Include="LambertShader.vert">
      <Filter>Resource Files\Shaders\Vertex</Filter>
    </None>
    <None Include="PhongShader.frag">
      <Filter>Resource Files\Shaders\Fragment</Filter>
    </None>
    <None Include="PhongShader.vert">
      <Filter>Resource Files\Shaders\Vertex</Filter>
    </None>
    <None Include="BlinnShader.frag">
      <Filter>Resource Files\Shaders\Fragment</Filter>
    </None>
    <None Include="BlinnShader.vert">
      <Filter>Resource Files\Shaders\Vertex</Filter>
    </None>
  </ItemGroup>
</Project>